Microsoft Visual Studio Solution File, Format Version 12.00
# Visual Studio Version 17
VisualStudioVersion = 17.5.2.0
MinimumVisualStudioVersion = 10.0.40219.1
Project("{FAE04EC0-301F-11D3-BF4B-00C04F79EFBC}") = "CitiesApi", "CitiesApi.csproj", "{49333F32-FCE3-3E95-F692-07CCC2EE4613}"
EndProject
Global
	GlobalSection(SolutionConfigurationPlatforms) = preSolution
		Debug|Any CPU = Debug|Any CPU
		Release|Any CPU = Release|Any CPU
	EndGlobalSection
	GlobalSection(ProjectConfigurationPlatforms) = postSolution
		{49333F32-FCE3-3E95-F692-07CCC2EE4613}.Debug|Any CPU.ActiveCfg = Debug|Any CPU
		{49333F32-FCE3-3E95-F692-07CCC2EE4613}.Debug|Any CPU.Build.0 = Debug|Any CPU
		{49333F32-FCE3-3E95-F692-07CCC2EE4613}.Release|Any CPU.ActiveCfg = Release|Any CPU
		{49333F32-FCE3-3E95-F692-07CCC2EE4613}.Release|Any CPU.Build.0 = Release|Any CPU
	EndGlobalSection
	GlobalSection(SolutionProperties) = preSolution
		HideSolutionNode = FALSE
	EndGlobalSection
	GlobalSection(ExtensibilityGlobals) = postSolution
		SolutionGuid = {2813EED2-F11D-484B-8269-3E12D655571F}
	EndGlobalSection
EndGlobal
